
Microsoft Visual Studio Solution File, Format Version 12.00
# Visual Studio Version 17
VisualStudioVersion = 17.8.34408.163
MinimumVisualStudioVersion = 10.0.40219.1
Project("{FAE04EC0-301F-11D3-BF4B-00C04F79EFBC}") = "GameCheatApplication", "GameCheatApplication\GameCheatApplication.csproj", "{3C1F2A86-7CF9-4551-B811-797C44936DFB}"
EndProject
Global
	GlobalSection(SolutionConfigurationPlatforms) = preSolution
		Debug|Any CPU = Debug|Any CPU
		Release|Any CPU = Release|Any CPU
	EndGlobalSection
	GlobalSection(ProjectConfigurationPlatforms) = postSolution
		{3C1F2A86-7CF9-4551-B811-797C44936DFB}.Debug|Any CPU.ActiveCfg = Debug|Any CPU
		{3C1F2A86-7CF9-4551-B811-797C44936DFB}.Debug|Any CPU.Build.0 = Debug|Any CPU
		{3C1F2A86-7CF9-4551-B811-797C44936DFB}.Release|Any CPU.ActiveCfg = Release|Any CPU
		{3C1F2A86-7CF9-4551-B811-797C44936DFB}.Release|Any CPU.Build.0 = Release|Any CPU
	EndGlobalSection
	GlobalSection(SolutionProperties) = preSolution
		HideSolutionNode = FALSE
	EndGlobalSection
	GlobalSection(ExtensibilityGlobals) = postSolution
		SolutionGuid = {B6E199A3-3E9D-4C8C-8A9A-C745A3388C74}
	EndGlobalSection
EndGlobal
